
Microsoft Visual Studio Solution File, Format Version 12.00
# Visual Studio Version 17
VisualStudioVersion = 17.5.002.0
MinimumVisualStudioVersion = 10.0.40219.1
Project("{9A19103F-16F7-4668-BE54-9A1E7A4F7556}") = "autoPrint", "autoPrint.csproj", "{A7183A6B-78DF-4144-84CD-5636560273D7}"
EndProject
Global
	GlobalSection(SolutionConfigurationPlatforms) = preSolution
		Debug|Any CPU = Debug|Any CPU
		Release|Any CPU = Release|Any CPU
	EndGlobalSection
	GlobalSection(ProjectConfigurationPlatforms) = postSolution
		{A7183A6B-78DF-4144-84CD-5636560273D7}.Debug|Any CPU.ActiveCfg = Debug|Any CPU
		{A7183A6B-78DF-4144-84CD-5636560273D7}.Debug|Any CPU.Build.0 = Debug|Any CPU
		{A7183A6B-78DF-4144-84CD-5636560273D7}.Release|Any CPU.ActiveCfg = Release|Any CPU
		{A7183A6B-78DF-4144-84CD-5636560273D7}.Release|Any CPU.Build.0 = Release|Any CPU
	EndGlobalSection
	GlobalSection(SolutionProperties) = preSolution
		HideSolutionNode = FALSE
	EndGlobalSection
	GlobalSection(ExtensibilityGlobals) = postSolution
		SolutionGuid = {0B6C5693-C9EB-42E4-A133-9C416128CCFA}
	EndGlobalSection
EndGlobal
